{
  "originHash" : "3fee7db6d3fcc8c1fa56089b1457d6bed66300e53751355d63663193430d798a",
  "pins" : [
    {
      "identity" : "swift-always",
      "kind" : "remoteSourceControl",
      "location" : "https://github.com/swift-atoms/swift-always.git",
      "state" : {
        "branch" : "main",
        "revision" : "b28c26a0bd65a6584e08fb6607178c847d0e7ba8"
      }
    },
    {
      "identity" : "swift-carrier",
      "kind" : "remoteSourceControl",
      "location" : "https://github.com/swift-atoms/swift-carrier.git",
      "state" : {
        "branch" : "main",
        "revision" : "da4fca3a867619948a222ae00aef73657e135ea3"
      }
    },
    {
      "identity" : "swift-comparison",
      "kind" : "remoteSourceControl",
      "location" : "https://github.com/swift-atoms/swift-comparison.git",
      "state" : {
        "branch" : "main",
        "revision" : "07aeed4125ea4db38663a06a97a681504d07b24b"
      }
    },
    {
      "identity" : "swift-either",
      "kind" : "remoteSourceControl",
      "location" : "https://github.com/swift-atoms/swift-either.git",
      "state" : {
        "branch" : "main",
        "revision" : "5f3a8996cd3c7da2250706fb5230b2456a5f5b31"
      }
    },
    {
      "identity" : "swift-equation",
      "kind" : "remoteSourceControl",
      "location" : "https://github.com/swift-atoms/swift-equation.git",
      "state" : {
        "branch" : "main",
        "revision" : "5fd623c1036516352e10be12ebcf6bbaac51bae3"
      }
    },
    {
      "identity" : "swift-hash",
      "kind" : "remoteSourceControl",
      "location" : "https://github.com/swift-atoms/swift-hash.git",
      "state" : {
        "branch" : "main",
        "revision" : "d0af5e43ca7077736b2fb6d7720cec7ddd62f2eb"
      }
    },
    {
      "identity" : "swift-ownership",
      "kind" : "remoteSourceControl",
      "location" : "https://github.com/swift-atoms/swift-ownership.git",
      "state" : {
        "branch" : "main",
        "revision" : "0b3ceae68d4a6c5afefba8a54ebaff3e233cfc4b"
      }
    },
    {
      "identity" : "swift-parser",
      "kind" : "remoteSourceControl",
      "location" : "https://github.com/swift-atoms/swift-parser.git",
      "state" : {
        "branch" : "main",
        "revision" : "2ecc88f0b5e09389a982a6f0c166af4e53353a1f"
      }
    },
    {
      "identity" : "swift-property",
      "kind" : "remoteSourceControl",
      "location" : "https://github.com/swift-atoms/swift-property.git",
      "state" : {
        "branch" : "main",
        "revision" : "461859f39c5235aa1af4818cd20a76b572057224"
      }
    },
    {
      "identity" : "swift-tagged",
      "kind" : "remoteSourceControl",
      "location" : "https://github.com/swift-atoms/swift-tagged.git",
      "state" : {
        "branch" : "main",
        "revision" : "8801f81bb913f368e142de5acf463a91d9ed10f1"
      }
    }
  ],
  "version" : 3
}
